
Microsoft Visual Studio Solution File, Format Version 12.00
# Visual Studio Version 16
VisualStudioVersion = 16.0.31410.357
MinimumVisualStudioVersion = 10.0.40219.1
Project("{FAE04EC0-301F-11D3-BF4B-00C04F79EFBC}") = "Практическая 13", "Практическая 13\Практическая 13.csproj", "{96900F25-2B76-4810-8914-45FE9CB997CD}"
EndProject
Global
	GlobalSection(SolutionConfigurationPlatforms) = preSolution
		Debug|Any CPU = Debug|Any CPU
		Release|Any CPU = Release|Any CPU
	EndGlobalSection
	GlobalSection(ProjectConfigurationPlatforms) = postSolution
		{96900F25-2B76-4810-8914-45FE9CB997CD}.Debug|Any CPU.ActiveCfg = Debug|Any CPU
		{96900F25-2B76-4810-8914-45FE9CB997CD}.Debug|Any CPU.Build.0 = Debug|Any CPU
		{96900F25-2B76-4810-8914-45FE9CB997CD}.Release|Any CPU.ActiveCfg = Release|Any CPU
		{96900F25-2B76-4810-8914-45FE9CB997CD}.Release|Any CPU.Build.0 = Release|Any CPU
	EndGlobalSection
	GlobalSection(SolutionProperties) = preSolution
		HideSolutionNode = FALSE
	EndGlobalSection
	GlobalSection(ExtensibilityGlobals) = postSolution
		SolutionGuid = {8BC79242-C531-4DE4-AB49-DB057B413655}
	EndGlobalSection
EndGlobal
